packages:
  - name: stripe
    package: fivetran/stripe
    version: 1.10.1
  - name: fivetran_utils
    package: fivetran/fivetran_utils
    version: 0.4.13
  - name: spark_utils
    package: dbt-labs/spark_utils
    version: 0.3.3
  - name: dbt_utils
    package: dbt-labs/dbt_utils
    version: 1.4.1
sha1_hash: 2f72f2e671b32ade48836f76326cf5b2468f2e16
